
Microsoft Visual Studio Solution File, Format Version 12.00
# Visual Studio 15
VisualStudioVersion = 15.0.28010.2041
MinimumVisualStudioVersion = 10.0.40219.1
Project("{FAE04EC0-301F-11D3-BF4B-00C04F79EFBC}") = "RD_A4", "RD_A4\RD_A4.csproj", "{3B5FDDD1-2C0E-43C2-AF80-CCB66EE95526}"
EndProject
Global
	GlobalSection(SolutionConfigurationPlatforms) = preSolution
		Debug|Any CPU = Debug|Any CPU
		Release|Any CPU = Release|Any CPU
	EndGlobalSection
	GlobalSection(ProjectConfigurationPlatforms) = postSolution
		{3B5FDDD1-2C0E-43C2-AF80-CCB66EE95526}.Debug|Any CPU.ActiveCfg = Debug|Any CPU
		{3B5FDDD1-2C0E-43C2-AF80-CCB66EE95526}.Debug|Any CPU.Build.0 = Debug|Any CPU
		{3B5FDDD1-2C0E-43C2-AF80-CCB66EE95526}.Release|Any CPU.ActiveCfg = Release|Any CPU
		{3B5FDDD1-2C0E-43C2-AF80-CCB66EE95526}.Release|Any CPU.Build.0 = Release|Any CPU
	EndGlobalSection
	GlobalSection(SolutionProperties) = preSolution
		HideSolutionNode = FALSE
	EndGlobalSection
	GlobalSection(ExtensibilityGlobals) = postSolution
		SolutionGuid = {DC54EB24-DC3D-45E7-B4E9-04AC8597F3A4}
	EndGlobalSection
EndGlobal
